
Microsoft Visual Studio Solution File, Format Version 12.00
# Visual Studio Version 16
VisualStudioVersion = 16.0.31727.386
MinimumVisualStudioVersion = 10.0.40219.1
Project("{9A19103F-16F7-4668-BE54-9A1E7A4F7556}") = "Targil0", "Targil0\Targil0.csproj", "{2831B66B-C340-4191-8030-F217FFC2BC30}"
EndProject
Project("{2150E333-8FDC-42A3-9474-1A3956D46DE8}") = "Solution Items", "Solution Items", "{86C7AB0C-E351-483A-95CD-492C4BC7B6F4}"
	ProjectSection(SolutionItems) = preProject
		README.md = README.md
		..\..\..\..\Downloads\בונוסים.docx = ..\..\..\..\Downloads\בונוסים.docx
		xml\‏‏config.xml = xml\‏‏config.xml
	EndProjectSection
EndProject
Project("{9A19103F-16F7-4668-BE54-9A1E7A4F7556}") = "ConsoleUI", "ConsoleUI\ConsoleUI.csproj", "{B09A76FF-9924-4BF6-B784-CAEC10F9BF99}"
EndProject
Project("{9A19103F-16F7-4668-BE54-9A1E7A4F7556}") = "DalApi", "DAL\DalApi.csproj", "{3AAD009E-9EDA-484A-8DAB-1995E02635B9}"
EndProject
Project("{9A19103F-16F7-4668-BE54-9A1E7A4F7556}") = "BL", "BL\BL.csproj", "{9C607CA6-7EC6-4FC5-B46C-E6317CC26D1A}"
EndProject
Project("{9A19103F-16F7-4668-BE54-9A1E7A4F7556}") = "ConsoleUI_BL", "ConsoleUI_BL\ConsoleUI_BL.csproj", "{435C7324-BDB3-448E-A3F7-52C86C10DCE4}"
EndProject
Project("{9A19103F-16F7-4668-BE54-9A1E7A4F7556}") = "Utilities", "Utilities\Utilities.csproj", "{ACB1919C-428A-4650-8D79-80727727C8CC}"
EndProject
Project("{9A19103F-16F7-4668-BE54-9A1E7A4F7556}") = "DalObject", "DalObject\DalObject.csproj", "{AFB7FCFB-BDA7-4363-82C6-431EF219F289}"
EndProject
Project("{9A19103F-16F7-4668-BE54-9A1E7A4F7556}") = "PL", "PL\PL.csproj", "{B2ED0398-5191-428C-B2AE-F22DEFD3A9C4}"
EndProject
Project("{9A19103F-16F7-4668-BE54-9A1E7A4F7556}") = "DalXml", "DalXml\DalXml.csproj", "{69FB672E-98E1-425B-AE35-0254A6902CBD}"
EndProject
Project("{2150E333-8FDC-42A3-9474-1A3956D46DE8}") = "xmlFiles", "xmlFiles", "{8F9DF0B3-DA5B-4D31-B2A4-B4648FF55A4B}"
	ProjectSection(SolutionItems) = preProject
		CustomerXml.xml = CustomerXml.xml
		DroneChargeXml.xml = DroneChargeXml.xml
		DroneXml.xml = DroneXml.xml
		ParcelXml.xml = ParcelXml.xml
		StationXml.xml = StationXml.xml
		UserXml.xml = UserXml.xml
	EndProjectSection
EndProject
Global
	GlobalSection(SolutionConfigurationPlatforms) = preSolution
		Debug|Any CPU = Debug|Any CPU
		Debug|x64 = Debug|x64
		Debug|x86 = Debug|x86
		Release|Any CPU = Release|Any CPU
		Release|x64 = Release|x64
		Release|x86 = Release|x86
	EndGlobalSection
	GlobalSection(ProjectConfigurationPlatforms) = postSolution
		{2831B66B-C340-4191-8030-F217FFC2BC30}.Debug|Any CPU.ActiveCfg = Debug|Any CPU
		{2831B66B-C340-4191-8030-F217FFC2BC30}.Debug|Any CPU.Build.0 = Debug|Any CPU
		{2831B66B-C340-4191-8030-F217FFC2BC30}.Debug|x64.ActiveCfg = Debug|Any CPU
		{2831B66B-C340-4191-8030-F217FFC2BC30}.Debug|x64.Build.0 = Debug|Any CPU
		{2831B66B-C340-4191-8030-F217FFC2BC30}.Debug|x86.ActiveCfg = Debug|Any CPU
		{2831B66B-C340-4191-8030-F217FFC2BC30}.Debug|x86.Build.0 = Debug|Any CPU
		{2831B66B-C340-4191-8030-F217FFC2BC30}.Release|Any CPU.ActiveCfg = Release|Any CPU
		{2831B66B-C340-4191-8030-F217FFC2BC30}.Release|Any CPU.Build.0 = Release|Any CPU
		{2831B66B-C340-4191-8030-F217FFC2BC30}.Release|x64.ActiveCfg = Release|Any CPU
		{2831B66B-C340-4191-8030-F217FFC2BC30}.Release|x64.Build.0 = Release|Any CPU
		{2831B66B-C340-4191-8030-F217FFC2BC30}.Release|x86.ActiveCfg = Release|Any CPU
		{2831B66B-C340-4191-8030-F217FFC2BC30}.Release|x86.Build.0 = Release|Any CPU
		{B09A76FF-9924-4BF6-B784-CAEC10F9BF99}.Debug|Any CPU.ActiveCfg = Debug|Any CPU
		{B09A76FF-9924-4BF6-B784-CAEC10F9BF99}.Debug|Any CPU.Build.0 = Debug|Any CPU
		{B09A76FF-9924-4BF6-B784-CAEC10F9BF99}.Debug|x64.ActiveCfg = Debug|Any CPU
		{B09A76FF-9924-4BF6-B784-CAEC10F9BF99}.Debug|x64.Build.0 = Debug|Any CPU
		{B09A76FF-9924-4BF6-B784-CAEC10F9BF99}.Debug|x86.ActiveCfg = Debug|Any CPU
		{B09A76FF-9924-4BF6-B784-CAEC10F9BF99}.Debug|x86.Build.0 = Debug|Any CPU
		{B09A76FF-9924-4BF6-B784-CAEC10F9BF99}.Release|Any CPU.ActiveCfg = Release|Any CPU
		{B09A76FF-9924-4BF6-B784-CAEC10F9BF99}.Release|Any CPU.Build.0 = Release|Any CPU
		{B09A76FF-9924-4BF6-B784-CAEC10F9BF99}.Release|x64.ActiveCfg = Release|Any CPU
		{B09A76FF-9924-4BF6-B784-CAEC10F9BF99}.Release|x64.Build.0 = Release|Any CPU
		{B09A76FF-9924-4BF6-B784-CAEC10F9BF99}.Release|x86.ActiveCfg = Release|Any CPU
		{B09A76FF-9924-4BF6-B784-CAEC10F9BF99}.Release|x86.Build.0 = Release|Any CPU
		{3AAD009E-9EDA-484A-8DAB-1995E02635B9}.Debug|Any CPU.ActiveCfg = Debug|Any CPU
		{3AAD009E-9EDA-484A-8DAB-1995E02635B9}.Debug|Any CPU.Build.0 = Debug|Any CPU
		{3AAD009E-9EDA-484A-8DAB-1995E02635B9}.Debug|x64.ActiveCfg = Debug|Any CPU
		{3AAD009E-9EDA-484A-8DAB-1995E02635B9}.Debug|x64.Build.0 = Debug|Any CPU
		{3AAD009E-9EDA-484A-8DAB-1995E02635B9}.Debug|x86.ActiveCfg = Debug|Any CPU
		{3AAD009E-9EDA-484A-8DAB-1995E02635B9}.Debug|x86.Build.0 = Debug|Any CPU
		{3AAD009E-9EDA-484A-8DAB-1995E02635B9}.Release|Any CPU.ActiveCfg = Release|Any CPU
		{3AAD009E-9EDA-484A-8DAB-1995E02635B9}.Release|Any CPU.Build.0 = Release|Any CPU
		{3AAD009E-9EDA-484A-8DAB-1995E02635B9}.Release|x64.ActiveCfg = Release|Any CPU
		{3AAD009E-9EDA-484A-8DAB-1995E02635B9}.Release|x64.Build.0 = Release|Any CPU
		{3AAD009E-9EDA-484A-8DAB-1995E02635B9}.Release|x86.ActiveCfg = Release|Any CPU
		{3AAD009E-9EDA-484A-8DAB-1995E02635B9}.Release|x86.Build.0 = Release|Any CPU
		{9C607CA6-7EC6-4FC5-B46C-E6317CC26D1A}.Debug|Any CPU.ActiveCfg = Debug|Any CPU
		{9C607CA6-7EC6-4FC5-B46C-E6317CC26D1A}.Debug|Any CPU.Build.0 = Debug|Any CPU
		{9C607CA6-7EC6-4FC5-B46C-E6317CC26D1A}.Debug|x64.ActiveCfg = Debug|Any CPU
		{9C607CA6-7EC6-4FC5-B46C-E6317CC26D1A}.Debug|x64.Build.0 = Debug|Any CPU
		{9C607CA6-7EC6-4FC5-B46C-E6317CC26D1A}.Debug|x86.ActiveCfg = Debug|Any CPU
		{9C607CA6-7EC6-4FC5-B46C-E6317CC26D1A}.Debug|x86.Build.0 = Debug|Any CPU
		{9C607CA6-7EC6-4FC5-B46C-E6317CC26D1A}.Release|Any CPU.ActiveCfg = Release|Any CPU
		{9C607CA6-7EC6-4FC5-B46C-E6317CC26D1A}.Release|Any CPU.Build.0 = Release|Any CPU
		{9C607CA6-7EC6-4FC5-B46C-E6317CC26D1A}.Release|x64.ActiveCfg = Release|Any CPU
		{9C607CA6-7EC6-4FC5-B46C-E6317CC26D1A}.Release|x64.Build.0 = Release|Any CPU
		{9C607CA6-7EC6-4FC5-B46C-E6317CC26D1A}.Release|x86.ActiveCfg = Release|Any CPU
		{9C607CA6-7EC6-4FC5-B46C-E6317CC26D1A}.Release|x86.Build.0 = Release|Any CPU
		{435C7324-BDB3-448E-A3F7-52C86C10DCE4}.Debug|Any CPU.ActiveCfg = Debug|Any CPU
		{435C7324-BDB3-448E-A3F7-52C86C10DCE4}.Debug|Any CPU.Build.0 = Debug|Any CPU
		{435C7324-BDB3-448E-A3F7-52C86C10DCE4}.Debug|x64.ActiveCfg = Debug|Any CPU
		{435C7324-BDB3-448E-A3F7-52C86C10DCE4}.Debug|x64.Build.0 = Debug|Any CPU
		{435C7324-BDB3-448E-A3F7-52C86C10DCE4}.Debug|x86.ActiveCfg = Debug|Any CPU
		{435C7324-BDB3-448E-A3F7-52C86C10DCE4}.Debug|x86.Build.0 = Debug|Any CPU
		{435C7324-BDB3-448E-A3F7-52C86C10DCE4}.Release|Any CPU.ActiveCfg = Release|Any CPU
		{435C7324-BDB3-448E-A3F7-52C86C10DCE4}.Release|Any CPU.Build.0 = Release|Any CPU
		{435C7324-BDB3-448E-A3F7-52C86C10DCE4}.Release|x64.ActiveCfg = Release|Any CPU
		{435C7324-BDB3-448E-A3F7-52C86C10DCE4}.Release|x64.Build.0 = Release|Any CPU
		{435C7324-BDB3-448E-A3F7-52C86C10DCE4}.Release|x86.ActiveCfg = Release|Any CPU
		{435C7324-BDB3-448E-A3F7-52C86C10DCE4}.Release|x86.Build.0 = Release|Any CPU
		{ACB1919C-428A-4650-8D79-80727727C8CC}.Debug|Any CPU.ActiveCfg = Debug|Any CPU
		{ACB1919C-428A-4650-8D79-80727727C8CC}.Debug|Any CPU.Build.0 = Debug|Any CPU
		{ACB1919C-428A-4650-8D79-80727727C8CC}.Debug|x64.ActiveCfg = Debug|Any CPU
		{ACB1919C-428A-4650-8D79-80727727C8CC}.Debug|x64.Build.0 = Debug|Any CPU
		{ACB1919C-428A-4650-8D79-80727727C8CC}.Debug|x86.ActiveCfg = Debug|Any CPU
		{ACB1919C-428A-4650-8D79-80727727C8CC}.Debug|x86.Build.0 = Debug|Any CPU
		{ACB1919C-428A-4650-8D79-80727727C8CC}.Release|Any CPU.ActiveCfg = Release|Any CPU
		{ACB1919C-428A-4650-8D79-80727727C8CC}.Release|Any CPU.Build.0 = Release|Any CPU
		{ACB1919C-428A-4650-8D79-80727727C8CC}.Release|x64.ActiveCfg = Release|Any CPU
		{ACB1919C-428A-4650-8D79-80727727C8CC}.Release|x64.Build.0 = Release|Any CPU
		{ACB1919C-428A-4650-8D79-80727727C8CC}.Release|x86.ActiveCfg = Release|Any CPU
		{ACB1919C-428A-4650-8D79-80727727C8CC}.Release|x86.Build.0 = Release|Any CPU
		{AFB7FCFB-BDA7-4363-82C6-431EF219F289}.Debug|Any CPU.ActiveCfg = Debug|Any CPU
		{AFB7FCFB-BDA7-4363-82C6-431EF219F289}.Debug|Any CPU.Build.0 = Debug|Any CPU
		{AFB7FCFB-BDA7-4363-82C6-431EF219F289}.Debug|x64.ActiveCfg = Debug|Any CPU
		{AFB7FCFB-BDA7-4363-82C6-431EF219F289}.Debug|x64.Build.0 = Debug|Any CPU
		{AFB7FCFB-BDA7-4363-82C6-431EF219F289}.Debug|x86.ActiveCfg = Debug|Any CPU
		{AFB7FCFB-BDA7-4363-82C6-431EF219F289}.Debug|x86.Build.0 = Debug|Any CPU
		{AFB7FCFB-BDA7-4363-82C6-431EF219F289}.Release|Any CPU.ActiveCfg = Release|Any CPU
		{AFB7FCFB-BDA7-4363-82C6-431EF219F289}.Release|Any CPU.Build.0 = Release|Any CPU
		{AFB7FCFB-BDA7-4363-82C6-431EF219F289}.Release|x64.ActiveCfg = Release|Any CPU
		{AFB7FCFB-BDA7-4363-82C6-431EF219F289}.Release|x64.Build.0 = Release|Any CPU
		{AFB7FCFB-BDA7-4363-82C6-431EF219F289}.Release|x86.ActiveCfg = Release|Any CPU
		{AFB7FCFB-BDA7-4363-82C6-431EF219F289}.Release|x86.Build.0 = Release|Any CPU
		{B2ED0398-5191-428C-B2AE-F22DEFD3A9C4}.Debug|Any CPU.ActiveCfg = Debug|Any CPU
		{B2ED0398-5191-428C-B2AE-F22DEFD3A9C4}.Debug|Any CPU.Build.0 = Debug|Any CPU
		{B2ED0398-5191-428C-B2AE-F22DEFD3A9C4}.Debug|x64.ActiveCfg = Debug|Any CPU
		{B2ED0398-5191-428C-B2AE-F22DEFD3A9C4}.Debug|x64.Build.0 = Debug|Any CPU
		{B2ED0398-5191-428C-B2AE-F22DEFD3A9C4}.Debug|x86.ActiveCfg = Debug|Any CPU
		{B2ED0398-5191-428C-B2AE-F22DEFD3A9C4}.Debug|x86.Build.0 = Debug|Any CPU
		{B2ED0398-5191-428C-B2AE-F22DEFD3A9C4}.Release|Any CPU.ActiveCfg = Release|Any CPU
		{B2ED0398-5191-428C-B2AE-F22DEFD3A9C4}.Release|Any CPU.Build.0 = Release|Any CPU
		{B2ED0398-5191-428C-B2AE-F22DEFD3A9C4}.Release|x64.ActiveCfg = Release|Any CPU
		{B2ED0398-5191-428C-B2AE-F22DEFD3A9C4}.Release|x64.Build.0 = Release|Any CPU
		{B2ED0398-5191-428C-B2AE-F22DEFD3A9C4}.Release|x86.ActiveCfg = Release|Any CPU
		{B2ED0398-5191-428C-B2AE-F22DEFD3A9C4}.Release|x86.Build.0 = Release|Any CPU
		{69FB672E-98E1-425B-AE35-0254A6902CBD}.Debug|Any CPU.ActiveCfg = Debug|Any CPU
		{69FB672E-98E1-425B-AE35-0254A6902CBD}.Debug|Any CPU.Build.0 = Debug|Any CPU
		{69FB672E-98E1-425B-AE35-0254A6902CBD}.Debug|x64.ActiveCfg = Debug|Any CPU
		{69FB672E-98E1-425B-AE35-0254A6902CBD}.Debug|x64.Build.0 = Debug|Any CPU
		{69FB672E-98E1-425B-AE35-0254A6902CBD}.Debug|x86.ActiveCfg = Debug|Any CPU
		{69FB672E-98E1-425B-AE35-0254A6902CBD}.Debug|x86.Build.0 = Debug|Any CPU
		{69FB672E-98E1-425B-AE35-0254A6902CBD}.Release|Any CPU.ActiveCfg = Release|Any CPU
		{69FB672E-98E1-425B-AE35-0254A6902CBD}.Release|Any CPU.Build.0 = Release|Any CPU
		{69FB672E-98E1-425B-AE35-0254A6902CBD}.Release|x64.ActiveCfg = Release|Any CPU
		{69FB672E-98E1-425B-AE35-0254A6902CBD}.Release|x64.Build.0 = Release|Any CPU
		{69FB672E-98E1-425B-AE35-0254A6902CBD}.Release|x86.ActiveCfg = Release|Any CPU
		{69FB672E-98E1-425B-AE35-0254A6902CBD}.Release|x86.Build.0 = Release|Any CPU
	EndGlobalSection
	GlobalSection(SolutionProperties) = preSolution
		HideSolutionNode = FALSE
	EndGlobalSection
	GlobalSection(ExtensibilityGlobals) = postSolution
		SolutionGuid = {EB7EEA1C-019F-49AE-98A8-A4EEDA7C281C}
	EndGlobalSection
EndGlobal
